{
  "lockfileVersion": 2,
  "configVersion": 1,
  "workspaces": {
    "": {
      "name": "t3-code-grammar-generator",
      "dependencies": {
        "@pierre/theme": "1.1.0",
        "@shikijs/langs": "4.2.0",
        "oniguruma-to-es": "4.3.6",
      },
    },
  },
  "packages": {
    "@pierre/theme": ["@pierre/theme@1.1.0", "", {}, "sha512-GC2OWTAfTIIWWYhPCygwG8t2EtePQkRfON4MI2rwIkJylmiyqIttJID2dCL8sUD8cNdEvYkEyfEHHKMeCiDLoQ=="],

    "@shikijs/langs": ["@shikijs/langs@4.2.0", "", { "dependencies": { "@shikijs/types": "4.2.0" } }, "sha512-bwrVRlJ0wUhZxAbVdvBbv2TTC9yLsh4C/IO5Ofz0T8MQntgDvyVnkbjw9vi50r1kx7RCIJdnJnjZAwmAsXFLZQ=="],

    "@shikijs/types": ["@shikijs/types@4.2.0", "", { "dependencies": { "@shikijs/vscode-textmate": "^10.0.2", "@types/hast": "^3.0.4" } }, "sha512-VT/MKtlpOhEPZloSH3Pb9WCZEBDoQVMa9jedp5UAwmJOar1DVc9DRODAxmYPW9M93IK4ryuqRejFfmlvlVDemw=="],

    "@shikijs/vscode-textmate": ["@shikijs/vscode-textmate@10.0.2", "", {}, "sha512-83yeghZ2xxin3Nj8z1NMd/NCuca+gsYXswywDy5bHvwlWL8tpTQmzGeUuHd9FC3E/SBEMvzJRwWEOz5gGes9Qg=="],

    "@types/hast": ["@types/hast@3.0.5", "", { "dependencies": { "@types/unist": "*" } }, "sha512-rp/ezSWaD1m44dPKICGhiskI13nVr7qTloFwDa/IYkhhf5nzwP+zIQcIJh3WIFSBOy/H1PzB40jPjMDksN4F+g=="],

    "@types/unist": ["@types/unist@3.0.3", "", {}, "sha512-ko/gIFJRv177XgZsZcBwnqJN5x/Gien8qNOn0D5bQU/zAzVf9Zt3BlcUiLqhV9y4ARk0GbT3tnUiPNgnTXzc/Q=="],

    "oniguruma-parser": ["oniguruma-parser@0.12.2", "", {}, "sha512-6HVa5oIrgMC6aA6WF6XyyqbhRPJrKR02L20+2+zpDtO5QAzGHAUGw5TKQvwi5vctNnRHkJYmjAhRVQF2EKdTQw=="],

    "oniguruma-to-es": ["oniguruma-to-es@4.3.6", "", { "dependencies": { "oniguruma-parser": "^0.12.2", "regex": "^6.1.0", "regex-recursion": "^6.0.2" } }, "sha512-csuQ9x3Yr0cEIs/Zgx/OEt9iBw9vqIunAPQkx19R/fiMq2oGVTgcMqO/V3Ybqefr1TBvosI6jU539ksaBULJyA=="],

    "regex": ["regex@6.1.0", "", { "dependencies": { "regex-utilities": "^2.3.0" } }, "sha512-6VwtthbV4o/7+OaAF9I5L5V3llLEsoPyq9P1JVXkedTP33c7MfCG0/5NOPcSJn0TzXcG9YUrR0gQSWioew3LDg=="],

    "regex-recursion": ["regex-recursion@6.0.2", "", { "dependencies": { "regex-utilities": "^2.3.0" } }, "sha512-0YCaSCq2VRIebiaUviZNs0cBz1kg5kVS2UKUfNIx8YVs1cN3AV7NTctO5FOKBA+UT2BPJIWZauYHPqJODG50cg=="],

    "regex-utilities": ["regex-utilities@2.3.0", "", {}, "sha512-8VhliFJAWRaUiVvREIiW2NXXTmHs4vMNnSzuJVhscgmGav3g9VDxLrQndI3dZZVVdp0ZO/5v0xmX516/7M9cng=="],
  }
}
